
Microsoft Visual Studio Solution File, Format Version 12.00
# Visual Studio Version 17
VisualStudioVersion = 17.2.32526.322
MinimumVisualStudioVersion = 10.0.40219.1
Project("{FAE04EC0-301F-11D3-BF4B-00C04F79EFBC}") = "TiketKereta", "TiketKereta\TiketKereta.csproj", "{B12931AF-1CEA-499C-B96A-F33432411F56}"
EndProject
Global
	GlobalSection(SolutionConfigurationPlatforms) = preSolution
		Debug|Any CPU = Debug|Any CPU
		Release|Any CPU = Release|Any CPU
	EndGlobalSection
	GlobalSection(ProjectConfigurationPlatforms) = postSolution
		{B12931AF-1CEA-499C-B96A-F33432411F56}.Debug|Any CPU.ActiveCfg = Debug|Any CPU
		{B12931AF-1CEA-499C-B96A-F33432411F56}.Debug|Any CPU.Build.0 = Debug|Any CPU
		{B12931AF-1CEA-499C-B96A-F33432411F56}.Release|Any CPU.ActiveCfg = Release|Any CPU
		{B12931AF-1CEA-499C-B96A-F33432411F56}.Release|Any CPU.Build.0 = Release|Any CPU
	EndGlobalSection
	GlobalSection(SolutionProperties) = preSolution
		HideSolutionNode = FALSE
	EndGlobalSection
	GlobalSection(ExtensibilityGlobals) = postSolution
		SolutionGuid = {6DF3BA64-CE96-4926-BD7E-1CE7F32A54EE}
	EndGlobalSection
EndGlobal
